{
  "requires": true,
  "lockfileVersion": 1,
  "dependencies": {
    "@simonwep/pickr": {
      "version": "1.5.1",
      "resolved": "https://registry.npmjs.org/@simonwep/pickr/-/pickr-1.5.1.tgz",
      "integrity": "sha512-BMYt5RsW7YLNrUF7Jdz1UM0E04ROD0iv/Z/c8APFb74VH0Zs3HeLiLacPgPqLx23VesL8aS6Jin/JiTmnkWujw==",
      "requires": {
        "core-js": "^3.6.4"
      }
    },
    "core-js": {
      "version": "3.6.5",
      "resolved": "https://registry.npmjs.org/core-js/-/core-js-3.6.5.tgz",
      "integrity": "sha512-vZVEEwZoIsI+vPEuoF9Iqf5H7/M3eeQqWlQnYa8FSKKePuYTf5MWnxb5SDAzCa60b3JBRS5g9b+Dq7b1y/RCrA=="
    }
  }
}
